<Solution>
  <Configurations>
    <Platform Name="Any CPU" />
    <Platform Name="x64" />
  </Configurations>
  <Project Path="SimpleEmail.Core/SimpleEmail.Core.csproj">
    <Platform Solution="*|x64" Project="x64" />
  </Project>
  <Project Path="SimpleEmail/SimpleEmail.csproj">
    <Platform Solution="*|x64" Project="x64" />
  </Project>
</Solution>
